
Microsoft Visual Studio Solution File, Format Version 12.00
# Visual Studio Version 16
VisualStudioVersion = 16.0.33328.57
MinimumVisualStudioVersion = 10.0.40219.1
Project("{FAE04EC0-301F-11D3-BF4B-00C04F79EFBC}") = "Homework17version1.1", "Homework17version1.1\Homework17version1.1.csproj", "{BFFD8E3A-C87A-4A6A-AF3A-2C6654D208BA}"
EndProject
Global
	GlobalSection(SolutionConfigurationPlatforms) = preSolution
		Debug|Any CPU = Debug|Any CPU
		Release|Any CPU = Release|Any CPU
	EndGlobalSection
	GlobalSection(ProjectConfigurationPlatforms) = postSolution
		{BFFD8E3A-C87A-4A6A-AF3A-2C6654D208BA}.Debug|Any CPU.ActiveCfg = Debug|Any CPU
		{BFFD8E3A-C87A-4A6A-AF3A-2C6654D208BA}.Debug|Any CPU.Build.0 = Debug|Any CPU
		{BFFD8E3A-C87A-4A6A-AF3A-2C6654D208BA}.Release|Any CPU.ActiveCfg = Release|Any CPU
		{BFFD8E3A-C87A-4A6A-AF3A-2C6654D208BA}.Release|Any CPU.Build.0 = Release|Any CPU
	EndGlobalSection
	GlobalSection(SolutionProperties) = preSolution
		HideSolutionNode = FALSE
	EndGlobalSection
	GlobalSection(ExtensibilityGlobals) = postSolution
		SolutionGuid = {7EAB0AFD-39F9-47FE-9104-309B5CBF2611}
	EndGlobalSection
EndGlobal
